// !$*UTF8*$!
{
	archiveVersion = 1;
	classes = {
	};
	objectVersion = 51;
	objects = {

/* Begin PBXBuildFile section */
		3287790B7C410AA872F24D57 /* Pods_Naz.framework in Frameworks */ = {isa = PBXBuildFile; fileRef = 5ABBE1DE184FAE488240E898 /* Pods_Naz.framework */; };
		CAFA13DE24F0CF13001A0EDB /* AppDelegate.swift in Sources */ = {isa = PBXBuildFile; fileRef = CAFA13DD24F0CF13001A0EDB /* AppDelegate.swift */; };
		CAFA13E024F0CF13001A0EDB /* SceneDelegate.swift in Sources */ = {isa = PBXBuildFile; fileRef = CAFA13DF24F0CF13001A0EDB /* SceneDelegate.swift */; };
		CAFA13E224F0CF13001A0EDB /* ContentView.swift in Sources */ = {isa = PBXBuildFile; fileRef = CAFA13E124F0CF13001A0EDB /* ContentView.swift */; };
		CAFA13E424F0CF1A001A0EDB /* Assets.xcassets in Resources */ = {isa = PBXBuildFile; fileRef = CAFA13E324F0CF1A001A0EDB /* Assets.xcassets */; };
		CAFA13E724F0CF1A001A0EDB /* Preview Assets.xcassets in Resources */ = {isa = PBXBuildFile; fileRef = CAFA13E624F0CF1A001A0EDB /* Preview Assets.xcassets */; };
		CAFA13EA24F0CF1A001A0EDB /* LaunchScreen.storyboard in Resources */ = {isa = PBXBuildFile; fileRef = CAFA13E824F0CF1A001A0EDB /* LaunchScreen.storyboard */; };
		CAFA13FC24F0DA9C001A0EDB /* Authorisation.swift in Sources */ = {isa = PBXBuildFile; fileRef = CAFA13FB24F0DA9C001A0EDB /* Authorisation.swift */; };
		CAFA13FE24F0DABD001A0EDB /* CShape.swift in Sources */ = {isa = PBXBuildFile; fileRef = CAFA13FD24F0DABC001A0EDB /* CShape.swift */; };
		CAFA140024F0DCE5001A0EDB /* NetworkingService.swift in Sources */ = {isa = PBXBuildFile; fileRef = CAFA13FF24F0DCE5001A0EDB /* NetworkingService.swift */; };
		CAFA140224F0E4E4001A0EDB /* MainView.swift in Sources */ = {isa = PBXBuildFile; fileRef = CAFA140124F0E4E4001A0EDB /* MainView.swift */; };
		CAFA140424F0E512001A0EDB /* Event.swift in Sources */ = {isa = PBXBuildFile; fileRef = CAFA140324F0E512001A0EDB /* Event.swift */; };
		CAFA140624F0EBA8001A0EDB /* Colors.swift in Sources */ = {isa = PBXBuildFile; fileRef = CAFA140524F0EBA8001A0EDB /* Colors.swift */; };
		CAFA140824F0ECEA001A0EDB /* Navigatoin.swift in Sources */ = {isa = PBXBuildFile; fileRef = CAFA140724F0ECEA001A0EDB /* Navigatoin.swift */; };
		CAFA140B24F0F5DE001A0EDB /* BottomMenu.swift in Sources */ = {isa = PBXBuildFile; fileRef = CAFA140A24F0F5DE001A0EDB /* BottomMenu.swift */; };
		CAFA140D24F0FE04001A0EDB /* MatchView.swift in Sources */ = {isa = PBXBuildFile; fileRef = CAFA140C24F0FE04001A0EDB /* MatchView.swift */; };
		CAFA141024F0FE2E001A0EDB /* Sector.swift in Sources */ = {isa = PBXBuildFile; fileRef = CAFA140F24F0FE2E001A0EDB /* Sector.swift */; };
		CAFA141224F10CC1001A0EDB /* AccountView.swift in Sources */ = {isa = PBXBuildFile; fileRef = CAFA141124F10CC1001A0EDB /* AccountView.swift */; };
		CAFA141424F12330001A0EDB /* Place.swift in Sources */ = {isa = PBXBuildFile; fileRef = CAFA141324F12330001A0EDB /* Place.swift */; };
		CAFA141624F125D3001A0EDB /* PlaceView.swift in Sources */ = {isa = PBXBuildFile; fileRef = CAFA141524F125D3001A0EDB /* PlaceView.swift */; };
		CAFA141824F157D5001A0EDB /* Performance.swift in Sources */ = {isa = PBXBuildFile; fileRef = CAFA141724F157D5001A0EDB /* Performance.swift */; };
		CAFA141A24F1FEF4001A0EDB /* LighthPerformance.swift in Sources */ = {isa = PBXBuildFile; fileRef = CAFA141924F1FEF4001A0EDB /* LighthPerformance.swift */; };
		CAFA141C24F2017D001A0EDB /* LightPerfView.swift in Sources */ = {isa = PBXBuildFile; fileRef = CAFA141B24F2017D001A0EDB /* LightPerfView.swift */; };
/* End PBXBuildFile section */

/* Begin PBXFileReference section */
		5ABBE1DE184FAE488240E898 /* Pods_Naz.framework */ = {isa = PBXFileReference; explicitFileType = wrapper.framework; includeInIndex = 0; path = Pods_Naz.framework; sourceTree = BUILT_PRODUCTS_DIR; };
		609403F0F2533F2ED34EE4CE /* Pods-Naz.debug.xcconfig */ = {isa = PBXFileReference; includeInIndex = 1; lastKnownFileType = text.xcconfig; name = "Pods-Naz.debug.xcconfig"; path = "Target Support Files/Pods-Naz/Pods-Naz.debug.xcconfig"; sourceTree = "<group>"; };
		A10CBF75642085845DF4D7ED /* Pods-Naz.release.xcconfig */ = {isa = PBXFileReference; includeInIndex = 1; lastKnownFileType = text.xcconfig; name = "Pods-Naz.release.xcconfig"; path = "Target Support Files/Pods-Naz/Pods-Naz.release.xcconfig"; sourceTree = "<group>"; };
		CAFA13DA24F0CF13001A0EDB /* Naz.app */ = {isa = PBXFileReference; explicitFileType = wrapper.application; includeInIndex = 0; path = Naz.app; sourceTree = BUILT_PRODUCTS_DIR; };
		CAFA13DD24F0CF13001A0EDB /* AppDelegate.swift */ = {isa = PBXFileReference; lastKnownFileType = sourcecode.swift; path = AppDelegate.swift; sourceTree = "<group>"; };
		CAFA13DF24F0CF13001A0EDB /* SceneDelegate.swift */ = {isa = PBXFileReference; lastKnownFileType = sourcecode.swift; path = SceneDelegate.swift; sourceTree = "<group>"; };
		CAFA13E124F0CF13001A0EDB /* ContentView.swift */ = {isa = PBXFileReference; lastKnownFileType = sourcecode.swift; path = ContentView.swift; sourceTree = "<group>"; };
		CAFA13E324F0CF1A001A0EDB /* Assets.xcassets */ = {isa = PBXFileReference; lastKnownFileType = folder.assetcatalog; path = Assets.xcassets; sourceTree = "<group>"; };
		CAFA13E624F0CF1A001A0EDB /* Preview Assets.xcassets */ = {isa = PBXFileReference; lastKnownFileType = folder.assetcatalog; path = "Preview Assets.xcassets"; sourceTree = "<group>"; };
		CAFA13E924F0CF1A001A0EDB /* Base */ = {isa = PBXFileReference; lastKnownFileType = file.storyboard; name = Base; path = Base.lproj/LaunchScreen.storyboard; sourceTree = "<group>"; };
		CAFA13EB24F0CF1A001A0EDB /* Info.plist */ = {isa = PBXFileReference; lastKnownFileType = text.plist.xml; path = Info.plist; sourceTree = "<group>"; };
		CAFA13FB24F0DA9C001A0EDB /* Authorisation.swift */ = {isa = PBXFileReference; lastKnownFileType = sourcecode.swift; path = Authorisation.swift; sourceTree = "<group>"; };
		CAFA13FD24F0DABC001A0EDB /* CShape.swift */ = {isa = PBXFileReference; lastKnownFileType = sourcecode.swift; path = CShape.swift; sourceTree = "<group>"; };
		CAFA13FF24F0DCE5001A0EDB /* NetworkingService.swift */ = {isa = PBXFileReference; lastKnownFileType = sourcecode.swift; path = NetworkingService.swift; sourceTree = "<group>"; };
		CAFA140124F0E4E4001A0EDB /* MainView.swift */ = {isa = PBXFileReference; lastKnownFileType = sourcecode.swift; path = MainView.swift; sourceTree = "<group>"; };
		CAFA140324F0E512001A0EDB /* Event.swift */ = {isa = PBXFileReference; lastKnownFileType = sourcecode.swift; path = Event.swift; sourceTree = "<group>"; };
		CAFA140524F0EBA8001A0EDB /* Colors.swift */ = {isa = PBXFileReference; lastKnownFileType = sourcecode.swift; path = Colors.swift; sourceTree = "<group>"; };
		CAFA140724F0ECEA001A0EDB /* Navigatoin.swift */ = {isa = PBXFileReference; lastKnownFileType = sourcecode.swift; path = Navigatoin.swift; sourceTree = "<group>"; };
		CAFA140A24F0F5DE001A0EDB /* BottomMenu.swift */ = {isa = PBXFileReference; lastKnownFileType = sourcecode.swift; path = BottomMenu.swift; sourceTree = "<group>"; };
		CAFA140C24F0FE04001A0EDB /* MatchView.swift */ = {isa = PBXFileReference; lastKnownFileType = sourcecode.swift; path = MatchView.swift; sourceTree = "<group>"; };
		CAFA140F24F0FE2E001A0EDB /* Sector.swift */ = {isa = PBXFileReference; lastKnownFileType = sourcecode.swift; path = Sector.swift; sourceTree = "<group>"; };
		CAFA141124F10CC1001A0EDB /* AccountView.swift */ = {isa = PBXFileReference; lastKnownFileType = sourcecode.swift; path = AccountView.swift; sourceTree = "<group>"; };
		CAFA141324F12330001A0EDB /* Place.swift */ = {isa = PBXFileReference; lastKnownFileType = sourcecode.swift; path = Place.swift; sourceTree = "<group>"; };
		CAFA141524F125D3001A0EDB /* PlaceView.swift */ = {isa = PBXFileReference; lastKnownFileType = sourcecode.swift; path = PlaceView.swift; sourceTree = "<group>"; };
		CAFA141724F157D5001A0EDB /* Performance.swift */ = {isa = PBXFileReference; lastKnownFileType = sourcecode.swift; path = Performance.swift; sourceTree = "<group>"; };
		CAFA141924F1FEF4001A0EDB /* LighthPerformance.swift */ = {isa = PBXFileReference; lastKnownFileType = sourcecode.swift; path = LighthPerformance.swift; sourceTree = "<group>"; };
		CAFA141B24F2017D001A0EDB /* LightPerfView.swift */ = {isa = PBXFileReference; lastKnownFileType = sourcecode.swift; path = LightPerfView.swift; sourceTree = "<group>"; };
/* End PBXFileReference section */

/* Begin PBXFrameworksBuildPhase section */
		CAFA13D724F0CF13001A0EDB /* Frameworks */ = {
			isa = PBXFrameworksBuildPhase;
			buildActionMask = 2147483647;
			files = (
				3287790B7C410AA872F24D57 /* Pods_Naz.framework in Frameworks */,
			);
			runOnlyForDeploymentPostprocessing = 0;
		};
/* End PBXFrameworksBuildPhase section */

/* Begin PBXGroup section */
		6AA9D729528C212552918303 /* Frameworks */ = {
			isa = PBXGroup;
			children = (
				5ABBE1DE184FAE488240E898 /* Pods_Naz.framework */,
			);
			name = Frameworks;
			sourceTree = "<group>";
		};
		70084D2C8CB6B99B82B1B498 /* Pods */ = {
			isa = PBXGroup;
			children = (
				609403F0F2533F2ED34EE4CE /* Pods-Naz.debug.xcconfig */,
				A10CBF75642085845DF4D7ED /* Pods-Naz.release.xcconfig */,
			);
			path = Pods;
			sourceTree = "<group>";
		};
		CAFA13D124F0CF13001A0EDB = {
			isa = PBXGroup;
			children = (
				CAFA13DC24F0CF13001A0EDB /* Naz */,
				CAFA13DB24F0CF13001A0EDB /* Products */,
				70084D2C8CB6B99B82B1B498 /* Pods */,
				6AA9D729528C212552918303 /* Frameworks */,
			);
			sourceTree = "<group>";
		};
		CAFA13DB24F0CF13001A0EDB /* Products */ = {
			isa = PBXGroup;
			children = (
				CAFA13DA24F0CF13001A0EDB /* Naz.app */,
			);
			name = Products;
			sourceTree = "<group>";
		};
		CAFA13DC24F0CF13001A0EDB /* Naz */ = {
			isa = PBXGroup;
			children = (
				CAFA140E24F0FE17001A0EDB /* Model */,
				CAFA140924F0EE09001A0EDB /* View */,
				CAFA13DD24F0CF13001A0EDB /* AppDelegate.swift */,
				CAFA13DF24F0CF13001A0EDB /* SceneDelegate.swift */,
				CAFA13E324F0CF1A001A0EDB /* Assets.xcassets */,
				CAFA13E824F0CF1A001A0EDB /* LaunchScreen.storyboard */,
				CAFA13EB24F0CF1A001A0EDB /* Info.plist */,
				CAFA13E524F0CF1A001A0EDB /* Preview Content */,
				CAFA13FD24F0DABC001A0EDB /* CShape.swift */,
				CAFA13FF24F0DCE5001A0EDB /* NetworkingService.swift */,
				CAFA140524F0EBA8001A0EDB /* Colors.swift */,
				CAFA140724F0ECEA001A0EDB /* Navigatoin.swift */,
				CAFA141924F1FEF4001A0EDB /* LighthPerformance.swift */,
			);
			path = Naz;
			sourceTree = "<group>";
		};
		CAFA13E524F0CF1A001A0EDB /* Preview Content */ = {
			isa = PBXGroup;
			children = (
				CAFA13E624F0CF1A001A0EDB /* Preview Assets.xcassets */,
			);
			path = "Preview Content";
			sourceTree = "<group>";
		};
		CAFA140924F0EE09001A0EDB /* View */ = {
			isa = PBXGroup;
			children = (
				CAFA13FB24F0DA9C001A0EDB /* Authorisation.swift */,
				CAFA140124F0E4E4001A0EDB /* MainView.swift */,
				CAFA13E124F0CF13001A0EDB /* ContentView.swift */,
				CAFA140A24F0F5DE001A0EDB /* BottomMenu.swift */,
				CAFA140C24F0FE04001A0EDB /* MatchView.swift */,
				CAFA141124F10CC1001A0EDB /* AccountView.swift */,
				CAFA141524F125D3001A0EDB /* PlaceView.swift */,
				CAFA141B24F2017D001A0EDB /* LightPerfView.swift */,
			);
			path = View;
			sourceTree = "<group>";
		};
		CAFA140E24F0FE17001A0EDB /* Model */ = {
			isa = PBXGroup;
			children = (
				CAFA140324F0E512001A0EDB /* Event.swift */,
				CAFA140F24F0FE2E001A0EDB /* Sector.swift */,
				CAFA141324F12330001A0EDB /* Place.swift */,
				CAFA141724F157D5001A0EDB /* Performance.swift */,
			);
			path = Model;
			sourceTree = "<group>";
		};
/* End PBXGroup section */

/* Begin PBXNativeTarget section */
		CAFA13D924F0CF13001A0EDB /* Naz */ = {
			isa = PBXNativeTarget;
			buildConfigurationList = CAFA13EE24F0CF1A001A0EDB /* Build configuration list for PBXNativeTarget "Naz" */;
			buildPhases = (
				7D1AED8E875C39AA5EC55DCC /* [CP] Check Pods Manifest.lock */,
				CAFA13D624F0CF13001A0EDB /* Sources */,
				CAFA13D724F0CF13001A0EDB /* Frameworks */,
				CAFA13D824F0CF13001A0EDB /* Resources */,
				4A276ACFAD898BDD33D11F57 /* [CP] Embed Pods Frameworks */,
			);
			buildRules = (
			);
			dependencies = (
			);
			name = Naz;
			productName = Naz;
			productReference = CAFA13DA24F0CF13001A0EDB /* Naz.app */;
			productType = "com.apple.product-type.application";
		};
/* End PBXNativeTarget section */

/* Begin PBXProject section */
		CAFA13D224F0CF13001A0EDB /* Project object */ = {
			isa = PBXProject;
			attributes = {
				LastSwiftUpdateCheck = 1160;
				LastUpgradeCheck = 1160;
				ORGANIZATIONNAME = "Кристина Перегудова";
				TargetAttributes = {
					CAFA13D924F0CF13001A0EDB = {
						CreatedOnToolsVersion = 11.6;
					};
				};
			};
			buildConfigurationList = CAFA13D524F0CF13001A0EDB /* Build configuration list for PBXProject "Naz" */;
			compatibilityVersion = "Xcode 9.3";
			developmentRegion = en;
			hasScannedForEncodings = 0;
			knownRegions = (
				en,
				Base,
			);
			mainGroup = CAFA13D124F0CF13001A0EDB;
			productRefGroup = CAFA13DB24F0CF13001A0EDB /* Products */;
			projectDirPath = "";
			projectRoot = "";
			targets = (
				CAFA13D924F0CF13001A0EDB /* Naz */,
			);
		};
/* End PBXProject section */

/* Begin PBXResourcesBuildPhase section */
		CAFA13D824F0CF13001A0EDB /* Resources */ = {
			isa = PBXResourcesBuildPhase;
			buildActionMask = 2147483647;
			files = (
				CAFA13EA24F0CF1A001A0EDB /* LaunchScreen.storyboard in Resources */,
				CAFA13E724F0CF1A001A0EDB /* Preview Assets.xcassets in Resources */,
				CAFA13E424F0CF1A001A0EDB /* Assets.xcassets in Resources */,
			);
			runOnlyForDeploymentPostprocessing = 0;
		};
/* End PBXResourcesBuildPhase section */

/* Begin PBXShellScriptBuildPhase section */
		4A276ACFAD898BDD33D11F57 /* [CP] Embed Pods Frameworks */ = {
			isa = PBXShellScriptBuildPhase;
			buildActionMask = 2147483647;
			files = (
			);
			inputFileListPaths = (
				"${PODS_ROOT}/Target Support Files/Pods-Naz/Pods-Naz-frameworks-${CONFIGURATION}-input-files.xcfilelist",
			);
			name = "[CP] Embed Pods Frameworks";
			outputFileListPaths = (
				"${PODS_ROOT}/Target Support Files/Pods-Naz/Pods-Naz-frameworks-${CONFIGURATION}-output-files.xcfilelist",
			);
			runOnlyForDeploymentPostprocessing = 0;
			shellPath = /bin/sh;
			shellScript = "\"${PODS_ROOT}/Target Support Files/Pods-Naz/Pods-Naz-frameworks.sh\"\n";
			showEnvVarsInLog = 0;
		};
		7D1AED8E875C39AA5EC55DCC /* [CP] Check Pods Manifest.lock */ = {
			isa = PBXShellScriptBuildPhase;
			buildActionMask = 2147483647;
			files = (
			);
			inputFileListPaths = (
			);
			inputPaths = (
				"${PODS_PODFILE_DIR_PATH}/Podfile.lock",
				"${PODS_ROOT}/Manifest.lock",
			);
			name = "[CP] Check Pods Manifest.lock";
			outputFileListPaths = (
			);
			outputPaths = (
				"$(DERIVED_FILE_DIR)/Pods-Naz-checkManifestLockResult.txt",
			);
			runOnlyForDeploymentPostprocessing = 0;
			shellPath = /bin/sh;
			shellScript = "diff \"${PODS_PODFILE_DIR_PATH}/Podfile.lock\" \"${PODS_ROOT}/Manifest.lock\" > /dev/null\nif [ $? != 0 ] ; then\n    # print error to STDERR\n    echo \"error: The sandbox is not in sync with the Podfile.lock. Run 'pod install' or update your CocoaPods installation.\" >&2\n    exit 1\nfi\n# This output is used by Xcode 'outputs' to avoid re-running this script phase.\necho \"SUCCESS\" > \"${SCRIPT_OUTPUT_FILE_0}\"\n";
			showEnvVarsInLog = 0;
		};
/* End PBXShellScriptBuildPhase section */

/* Begin PBXSourcesBuildPhase section */
		CAFA13D624F0CF13001A0EDB /* Sources */ = {
			isa = PBXSourcesBuildPhase;
			buildActionMask = 2147483647;
			files = (
				CAFA140424F0E512001A0EDB /* Event.swift in Sources */,
				CAFA140624F0EBA8001A0EDB /* Colors.swift in Sources */,
				CAFA13DE24F0CF13001A0EDB /* AppDelegate.swift in Sources */,
				CAFA141C24F2017D001A0EDB /* LightPerfView.swift in Sources */,
				CAFA140224F0E4E4001A0EDB /* MainView.swift in Sources */,
				CAFA141224F10CC1001A0EDB /* AccountView.swift in Sources */,
				CAFA13E024F0CF13001A0EDB /* SceneDelegate.swift in Sources */,
				CAFA141A24F1FEF4001A0EDB /* LighthPerformance.swift in Sources */,
				CAFA13FE24F0DABD001A0EDB /* CShape.swift in Sources */,
				CAFA141024F0FE2E001A0EDB /* Sector.swift in Sources */,
				CAFA140024F0DCE5001A0EDB /* NetworkingService.swift in Sources */,
				CAFA141424F12330001A0EDB /* Place.swift in Sources */,
				CAFA141624F125D3001A0EDB /* PlaceView.swift in Sources */,
				CAFA140B24F0F5DE001A0EDB /* BottomMenu.swift in Sources */,
				CAFA13FC24F0DA9C001A0EDB /* Authorisation.swift in Sources */,
				CAFA13E224F0CF13001A0EDB /* ContentView.swift in Sources */,
				CAFA141824F157D5001A0EDB /* Performance.swift in Sources */,
				CAFA140D24F0FE04001A0EDB /* MatchView.swift in Sources */,
				CAFA140824F0ECEA001A0EDB /* Navigatoin.swift in Sources */,
			);
			runOnlyForDeploymentPostprocessing = 0;
		};
/* End PBXSourcesBuildPhase section */

/* Begin PBXVariantGroup section */
		CAFA13E824F0CF1A001A0EDB /* LaunchScreen.storyboard */ = {
			isa = PBXVariantGroup;
			children = (
				CAFA13E924F0CF1A001A0EDB /* Base */,
			);
			name = LaunchScreen.storyboard;
			sourceTree = "<group>";
		};
/* End PBXVariantGroup section */

/* Begin XCBuildConfiguration section */
		CAFA13EC24F0CF1A001A0EDB /* Debug */ = {
			isa = XCBuildConfiguration;
			buildSettings = {
				ALWAYS_SEARCH_USER_PATHS = NO;
				CLANG_ANALYZER_NONNULL = YES;
				CLANG_ANALYZER_NUMBER_OBJECT_CONVERSION = YES_AGGRESSIVE;
				CLANG_CXX_LANGUAGE_STANDARD = "gnu++14";
				CLANG_CXX_LIBRARY = "libc++";
				CLANG_ENABLE_MODULES = YES;
				CLANG_ENABLE_OBJC_ARC = YES;
				CLANG_ENABLE_OBJC_WEAK = YES;
				CLANG_WARN_BLOCK_CAPTURE_AUTORELEASING = YES;
				CLANG_WARN_BOOL_CONVERSION = YES;
				CLANG_WARN_COMMA = YES;
				CLANG_WARN_CONSTANT_CONVERSION = YES;
				CLANG_WARN_DEPRECATED_OBJC_IMPLEMENTATIONS = YES;
				CLANG_WARN_DIRECT_OBJC_ISA_USAGE = YES_ERROR;
				CLANG_WARN_DOCUMENTATION_COMMENTS = YES;
				CLANG_WARN_EMPTY_BODY = YES;
				CLANG_WARN_ENUM_CONVERSION = YES;
				CLANG_WARN_INFINITE_RECURSION = YES;
				CLANG_WARN_INT_CONVERSION = YES;
				CLANG_WARN_NON_LITERAL_NULL_CONVERSION = YES;
				CLANG_WARN_OBJC_IMPLICIT_RETAIN_SELF = YES;
				CLANG_WARN_OBJC_LITERAL_CONVERSION = YES;
				CLANG_WARN_OBJC_ROOT_CLASS = YES_ERROR;
				CLANG_WARN_RANGE_LOOP_ANALYSIS = YES;
				CLANG_WARN_STRICT_PROTOTYPES = YES;
				CLANG_WARN_SUSPICIOUS_MOVE = YES;
				CLANG_WARN_UNGUARDED_AVAILABILITY = YES_AGGRESSIVE;
				CLANG_WARN_UNREACHABLE_CODE = YES;
				CLANG_WARN__DUPLICATE_METHOD_MATCH = YES;
				COPY_PHASE_STRIP = NO;
				DEBUG_INFORMATION_FORMAT = dwarf;
				ENABLE_STRICT_OBJC_MSGSEND = YES;
				ENABLE_TESTABILITY = YES;
				GCC_C_LANGUAGE_STANDARD = gnu11;
				GCC_DYNAMIC_NO_PIC = NO;
				GCC_NO_COMMON_BLOCKS = YES;
				GCC_OPTIMIZATION_LEVEL = 0;
				GCC_PREPROCESSOR_DEFINITIONS = (
					"DEBUG=1",
					"$(inherited)",
				);
				GCC_WARN_64_TO_32_BIT_CONVERSION = YES;
				GCC_WARN_ABOUT_RETURN_TYPE = YES_ERROR;
				GCC_WARN_UNDECLARED_SELECTOR = YES;
				GCC_WARN_UNINITIALIZED_AUTOS = YES_AGGRESSIVE;
				GCC_WARN_UNUSED_FUNCTION = YES;
				GCC_WARN_UNUSED_VARIABLE = YES;
				IPHONEOS_DEPLOYMENT_TARGET = 13.6;
				MTL_ENABLE_DEBUG_INFO = INCLUDE_SOURCE;
				MTL_FAST_MATH = YES;
				ONLY_ACTIVE_ARCH = YES;
				SDKROOT = iphoneos;
				SWIFT_ACTIVE_COMPILATION_CONDITIONS = DEBUG;
				SWIFT_OPTIMIZATION_LEVEL = "-Onone";
			};
			name = Debug;
		};
		CAFA13ED24F0CF1A001A0EDB /* Release */ = {
			isa = XCBuildConfiguration;
			buildSettings = {
				ALWAYS_SEARCH_USER_PATHS = NO;
				CLANG_ANALYZER_NONNULL = YES;
				CLANG_ANALYZER_NUMBER_OBJECT_CONVERSION = YES_AGGRESSIVE;
				CLANG_CXX_LANGUAGE_STANDARD = "gnu++14";
				CLANG_CXX_LIBRARY = "libc++";
				CLANG_ENABLE_MODULES = YES;
				CLANG_ENABLE_OBJC_ARC = YES;
				CLANG_ENABLE_OBJC_WEAK = YES;
				CLANG_WARN_BLOCK_CAPTURE_AUTORELEASING = YES;
				CLANG_WARN_BOOL_CONVERSION = YES;
				CLANG_WARN_COMMA = YES;
				CLANG_WARN_CONSTANT_CONVERSION = YES;
				CLANG_WARN_DEPRECATED_OBJC_IMPLEMENTATIONS = YES;
				CLANG_WARN_DIRECT_OBJC_ISA_USAGE = YES_ERROR;
				CLANG_WARN_DOCUMENTATION_COMMENTS = YES;
				CLANG_WARN_EMPTY_BODY = YES;
				CLANG_WARN_ENUM_CONVERSION = YES;
				CLANG_WARN_INFINITE_RECURSION = YES;
				CLANG_WARN_INT_CONVERSION = YES;
				CLANG_WARN_NON_LITERAL_NULL_CONVERSION = YES;
				CLANG_WARN_OBJC_IMPLICIT_RETAIN_SELF = YES;
				CLANG_WARN_OBJC_LITERAL_CONVERSION = YES;
				CLANG_WARN_OBJC_ROOT_CLASS = YES_ERROR;
				CLANG_WARN_RANGE_LOOP_ANALYSIS = YES;
				CLANG_WARN_STRICT_PROTOTYPES = YES;
				CLANG_WARN_SUSPICIOUS_MOVE = YES;
				CLANG_WARN_UNGUARDED_AVAILABILITY = YES_AGGRESSIVE;
				CLANG_WARN_UNREACHABLE_CODE = YES;
				CLANG_WARN__DUPLICATE_METHOD_MATCH = YES;
				COPY_PHASE_STRIP = NO;
				DEBUG_INFORMATION_FORMAT = "dwarf-with-dsym";
				ENABLE_NS_ASSERTIONS = NO;
				ENABLE_STRICT_OBJC_MSGSEND = YES;
				GCC_C_LANGUAGE_STANDARD = gnu11;
				GCC_NO_COMMON_BLOCKS = YES;
				GCC_WARN_64_TO_32_BIT_CONVERSION = YES;
				GCC_WARN_ABOUT_RETURN_TYPE = YES_ERROR;
				GCC_WARN_UNDECLARED_SELECTOR = YES;
				GCC_WARN_UNINITIALIZED_AUTOS = YES_AGGRESSIVE;
				GCC_WARN_UNUSED_FUNCTION = YES;
				GCC_WARN_UNUSED_VARIABLE = YES;
				IPHONEOS_DEPLOYMENT_TARGET = 13.6;
				MTL_ENABLE_DEBUG_INFO = NO;
				MTL_FAST_MATH = YES;
				SDKROOT = iphoneos;
				SWIFT_COMPILATION_MODE = wholemodule;
				SWIFT_OPTIMIZATION_LEVEL = "-O";
				VALIDATE_PRODUCT = YES;
			};
			name = Release;
		};
		CAFA13EF24F0CF1A001A0EDB /* Debug */ = {
			isa = XCBuildConfiguration;
			baseConfigurationReference = 609403F0F2533F2ED34EE4CE /* Pods-Naz.debug.xcconfig */;
			buildSettings = {
				ASSETCATALOG_COMPILER_APPICON_NAME = AppIcon;
				CODE_SIGN_STYLE = Automatic;
				DEVELOPMENT_ASSET_PATHS = "\"Naz/Preview Content\"";
				DEVELOPMENT_TEAM = 7NZPBTA9R6;
				ENABLE_PREVIEWS = YES;
				INFOPLIST_FILE = Naz/Info.plist;
				LD_RUNPATH_SEARCH_PATHS = (
					"$(inherited)",
					"@executable_path/Frameworks",
				);
				PRODUCT_BUNDLE_IDENTIFIER = com.perekrist.Naz;
				PRODUCT_NAME = "$(TARGET_NAME)";
				SWIFT_VERSION = 5.0;
				TARGETED_DEVICE_FAMILY = "1,2";
			};
			name = Debug;
		};
		CAFA13F024F0CF1A001A0EDB /* Release */ = {
			isa = XCBuildConfiguration;
			baseConfigurationReference = A10CBF75642085845DF4D7ED /* Pods-Naz.release.xcconfig */;
			buildSettings = {
				ASSETCATALOG_COMPILER_APPICON_NAME = AppIcon;
				CODE_SIGN_STYLE = Automatic;
				DEVELOPMENT_ASSET_PATHS = "\"Naz/Preview Content\"";
				DEVELOPMENT_TEAM = 7NZPBTA9R6;
				ENABLE_PREVIEWS = YES;
				INFOPLIST_FILE = Naz/Info.plist;
				LD_RUNPATH_SEARCH_PATHS = (
					"$(inherited)",
					"@executable_path/Frameworks",
				);
				PRODUCT_BUNDLE_IDENTIFIER = com.perekrist.Naz;
				PRODUCT_NAME = "$(TARGET_NAME)";
				SWIFT_VERSION = 5.0;
				TARGETED_DEVICE_FAMILY = "1,2";
			};
			name = Release;
		};
/* End XCBuildConfiguration section */

/* Begin XCConfigurationList section */
		CAFA13D524F0CF13001A0EDB /* Build configuration list for PBXProject "Naz" */ = {
			isa = XCConfigurationList;
			buildConfigurations = (
				CAFA13EC24F0CF1A001A0EDB /* Debug */,
				CAFA13ED24F0CF1A001A0EDB /* Release */,
			);
			defaultConfigurationIsVisible = 0;
			defaultConfigurationName = Release;
		};
		CAFA13EE24F0CF1A001A0EDB /* Build configuration list for PBXNativeTarget "Naz" */ = {
			isa = XCConfigurationList;
			buildConfigurations = (
				CAFA13EF24F0CF1A001A0EDB /* Debug */,
				CAFA13F024F0CF1A001A0EDB /* Release */,
			);
			defaultConfigurationIsVisible = 0;
			defaultConfigurationName = Release;
		};
/* End XCConfigurationList section */
	};
	rootObject = CAFA13D224F0CF13001A0EDB /* Project object */;
}
